
Microsoft Visual Studio Solution File, Format Version 12.00
# Visual Studio 14
VisualStudioVersion = 14.0.23107.0
MinimumVisualStudioVersion = 10.0.40219.1
Project("{FAE04EC0-301F-11D3-BF4B-00C04F79EFBC}") = "ASP1_Test1", "ASP1_Test1\ASP1_Test1.csproj", "{02A760C0-5E2A-49E9-8A9E-0AF3A6B1C97A}"
EndProject
Global
	GlobalSection(SolutionConfigurationPlatforms) = preSolution
		Debug|Any CPU = Debug|Any CPU
		Release|Any CPU = Release|Any CPU
	EndGlobalSection
	GlobalSection(ProjectConfigurationPlatforms) = postSolution
		{02A760C0-5E2A-49E9-8A9E-0AF3A6B1C97A}.Debug|Any CPU.ActiveCfg = Debug|Any CPU
		{02A760C0-5E2A-49E9-8A9E-0AF3A6B1C97A}.Debug|Any CPU.Build.0 = Debug|Any CPU
		{02A760C0-5E2A-49E9-8A9E-0AF3A6B1C97A}.Release|Any CPU.ActiveCfg = Release|Any CPU
		{02A760C0-5E2A-49E9-8A9E-0AF3A6B1C97A}.Release|Any CPU.Build.0 = Release|Any CPU
	EndGlobalSection
	GlobalSection(SolutionProperties) = preSolution
		HideSolutionNode = FALSE
	EndGlobalSection
EndGlobal
